github.com/dnb-hugo/components v0.0.0-20210110114356-4ec59fb5edad h1:Gw1NX7OTVRUk4us0kASVNagkhJLDBWPch0miXaTISeE=
github.com/dnb-hugo/components/functions v1.0.8 h1:DeZFCRbCS/OwnKc0rtKLabDtN+f+ONUO8PdfLXUTYOY=
github.com/dnb-hugo/components/functions v1.0.8/go.mod h1:D1wuewBIRi/K+JS40raRu4iPYReMNYguOF/vXJ7Jv2c=
github.com/dnb-hugo/debugprint v1.0.1 h1:Ac3p7LNDHXdg5El765DDXJZ27IZouVcjUQdyD3lvTQA=
github.com/dnb-hugo/debugprint v1.0.1/go.mod h1:YMvTiP34ADcKHOtCpjeIuzfDyXrh0mSKvfjVt/WXpLM=
github.com/dnb-hugo/libraries v1.0.6 h1:lv2vSCF5ark+oiWeuxXL1FtCLPbofwnvBKXuFGWOWPM=
github.com/dnb-hugo/libraries/bootstrap5 v1.2.0 h1:bfQ//pGI71fGda7Mxph744Z8+cm8fbK7yVhpgsPA8VQ=
github.com/dnb-hugo/libraries/bootstrap5 v1.2.0/go.mod h1:f1PHdrXdCZgkLcbuiTQ9ml8YGxoLw7VWkAapiZoeHtg=
github.com/dnb-hugo/libraries/popper.js v1.1.2 h1:f2E9px36dUdjaSt8TwJpsSOkevOKtV2bkbXgCKWk7sI=
github.com/dnb-hugo/libraries/popper.js v1.1.2/go.mod h1:I10AsR1CyPWU5cpsSYhpZaeHCfdMownxSDcye/WJvlc=
github.com/popperjs/popper-core v2.5.4+incompatible/go.mod h1:rrRYxxxrr6Y+9S8V9ttEFhsPN5sFPapL1QOzxjoDz0o=
github.com/themefisher/core-docs v0.0.0-20210110120803-7511326992dd h1:33gcZN0EpCUyXEM6kLloKHc9jt+0cF4H/YcrW73pric=
github.com/themefisher/core-docs v0.0.0-20210110120803-7511326992dd/go.mod h1:3WUiUvZBEZdPtO6FrGVTtwZTON1N0zoYq+6e7UVw7LI=
github.com/themefisher/core-docs v0.0.0-20210111052003-dd2829f8b41b h1:QngZWtLPkCFDaPIYg/iuJklybGfMGaNEmLlkO5dgDtU=
github.com/themefisher/core-docs v0.0.0-20210111052003-dd2829f8b41b/go.mod h1:3WUiUvZBEZdPtO6FrGVTtwZTON1N0zoYq+6e7UVw7LI=
github.com/themefisher/core-docs v0.0.0-20210111053301-0485dc585be0 h1:ZPzeu2QdcT/2nDnu91amcDDs5FbvKsG2Ug/sB+PtWBs=
github.com/themefisher/core-docs v0.0.0-20210111053301-0485dc585be0/go.mod h1:3WUiUvZBEZdPtO6FrGVTtwZTON1N0zoYq+6e7UVw7LI=
github.com/themefisher/core-docs v0.0.0-20210111054056-0a9b184e4115 h1:NNmwfX4VQt8KmNf3BGGFEqlGu/T6tOH59ab9iAu3MbI=
github.com/themefisher/core-docs v0.0.0-20210111054056-0a9b184e4115/go.mod h1:3WUiUvZBEZdPtO6FrGVTtwZTON1N0zoYq+6e7UVw7LI=
github.com/themefisher/core-docs v0.0.0-20210111055109-b233848c7811 h1:xBwLRoq58DgZGc8LkcZB1cSW9baBpDojt2QQCZblJOY=
github.com/themefisher/core-docs v0.0.0-20210111055109-b233848c7811/go.mod h1:3WUiUvZBEZdPtO6FrGVTtwZTON1N0zoYq+6e7UVw7LI=
github.com/themefisher/core-docs v0.0.0-20210111055410-7b48a38e78ec h1:nuEomLyYDXG/gDpoPq/MyaIcsYDnghQ1Q+vWr+8G3f4=
github.com/themefisher/core-docs v0.0.0-20210111055410-7b48a38e78ec/go.mod h1:3WUiUvZBEZdPtO6FrGVTtwZTON1N0zoYq+6e7UVw7LI=
github.com/themefisher/core-docs v0.0.0-20210111060654-856b2a534865 h1:J+0kpS2Mp0H9WujMFMqXnZH+PXWoUOy1oLf4CCkURsA=
github.com/themefisher/core-docs v0.0.0-20210111060654-856b2a534865/go.mod h1:3WUiUvZBEZdPtO6FrGVTtwZTON1N0zoYq+6e7UVw7LI=
github.com/themefisher/core-docs v0.0.0-20210111061131-a5b174629c1a h1:zGSEdrNRqrjOxbF+/gdzVvuyfNwe5AGO5GCGsKtxjto=
github.com/themefisher/core-docs v0.0.0-20210111061131-a5b174629c1a/go.mod h1:3WUiUvZBEZdPtO6FrGVTtwZTON1N0zoYq+6e7UVw7LI=
github.com/themefisher/core-docs v0.0.0-20210111061337-b62b28573362 h1:a6W0R1NPHoaDGsuyQu8i/dhkk3cOuSl9Dj7HBag3fpk=
github.com/themefisher/core-docs v0.0.0-20210111061337-b62b28573362/go.mod h1:3WUiUvZBEZdPtO6FrGVTtwZTON1N0zoYq+6e7UVw7LI=
github.com/themefisher/core-docs v0.0.0-20210111061505-198443261738 h1:wO9CiQgWG1a/dLAMnTXXi1ZpdDb8hX1hwXMBM3wSKGM=
github.com/themefisher/core-docs v0.0.0-20210111061505-198443261738/go.mod h1:3WUiUvZBEZdPtO6FrGVTtwZTON1N0zoYq+6e7UVw7LI=
github.com/twbs/bootstrap v5.0.0-beta1+incompatible/go.mod h1:fZTSrkpSf0/HkL0IIJzvVspTt1r9zuf7XlZau8kpcY0=
